{
  "name": "vue-particlejs",
  "version": "1.1.0",
  "lockfileVersion": 1,
  "requires": true,
  "dependencies": {
    "particles.js": {
      "version": "git+https://github.com/vegatheantler/particles.js.git#d01286d6dcd61f497d07cc62bd48e692f6508ad5",
      "from": "git+https://github.com/vegatheantler/particles.js.git"
    }
  }
}
