{
  "name": "vue-particlejs",
  "version": "1.1.0",
  "lockfileVersion": 1,
  "requires": true,
  "dependencies": {
    "particles.js": {
      "version": "https://github.com/vegatheantler/particles.js/tarball/master",
      "integrity": "sha512-TSL47hQxQ29Ujp5CgqIEQJ39D/Dup8VUJHOiiEsJOEUtiv9U0jV9Z/WLeU2VqJlqUE5wAZ1B9o2P0n3Hr7boLg=="
    }
  }
}
